
Microsoft Visual Studio Solution File, Format Version 12.00
# Visual Studio Version 17
VisualStudioVersion = 17.12.35728.132 d17.12
MinimumVisualStudioVersion = 10.0.40219.1
Project("{FAE04EC0-301F-11D3-BF4B-00C04F79EFBC}") = "OMSManager", "OMSManager.csproj", "{EBF6FE70-9CB4-401A-A67E-5F2E675F76CE}"
EndProject
Project("{FAE04EC0-301F-11D3-BF4B-00C04F79EFBC}") = "OMSModels", "..\OMSModels\OMSModels.csproj", "{608588AE-2908-4DF3-8F9A-A498091C0B02}"
EndProject
Global
	GlobalSection(SolutionConfigurationPlatforms) = preSolution
		Debug|Any CPU = Debug|Any CPU
		Release|Any CPU = Release|Any CPU
	EndGlobalSection
	GlobalSection(ProjectConfigurationPlatforms) = postSolution
		{EBF6FE70-9CB4-401A-A67E-5F2E675F76CE}.Debug|Any CPU.ActiveCfg = Debug|Any CPU
		{EBF6FE70-9CB4-401A-A67E-5F2E675F76CE}.Debug|Any CPU.Build.0 = Debug|Any CPU
		{EBF6FE70-9CB4-401A-A67E-5F2E675F76CE}.Release|Any CPU.ActiveCfg = Release|Any CPU
		{EBF6FE70-9CB4-401A-A67E-5F2E675F76CE}.Release|Any CPU.Build.0 = Release|Any CPU
		{608588AE-2908-4DF3-8F9A-A498091C0B02}.Debug|Any CPU.ActiveCfg = Debug|Any CPU
		{608588AE-2908-4DF3-8F9A-A498091C0B02}.Debug|Any CPU.Build.0 = Debug|Any CPU
		{608588AE-2908-4DF3-8F9A-A498091C0B02}.Release|Any CPU.ActiveCfg = Release|Any CPU
		{608588AE-2908-4DF3-8F9A-A498091C0B02}.Release|Any CPU.Build.0 = Release|Any CPU
	EndGlobalSection
	GlobalSection(SolutionProperties) = preSolution
		HideSolutionNode = FALSE
	EndGlobalSection
EndGlobal
